// !$*UTF8*$!
{
	archiveVersion = 1;
	classes = {
	};
	objectVersion = 50;
	objects = {

/* Begin PBXBuildFile section */
		BA9851612474DBE800240EE2 /* AppDelegate.swift in Sources */ = {isa = PBXBuildFile; fileRef = BA9851602474DBE800240EE2 /* AppDelegate.swift */; };
		BA9851632474DBE800240EE2 /* ViewController.swift in Sources */ = {isa = PBXBuildFile; fileRef = BA9851622474DBE800240EE2 /* ViewController.swift */; };
		BA9851652474DBEA00240EE2 /* Assets.xcassets in Resources */ = {isa = PBXBuildFile; fileRef = BA9851642474DBEA00240EE2 /* Assets.xcassets */; };
		BA9851682474DBEA00240EE2 /* Main.storyboard in Resources */ = {isa = PBXBuildFile; fileRef = BA9851662474DBEA00240EE2 /* Main.storyboard */; };
		BA9851742474DBEA00240EE2 /* VSCodeTests.swift in Sources */ = {isa = PBXBuildFile; fileRef = BA9851732474DBEA00240EE2 /* VSCodeTests.swift */; };
		BA98517F2474DBEA00240EE2 /* VSCodeUITests.swift in Sources */ = {isa = PBXBuildFile; fileRef = BA98517E2474DBEA00240EE2 /* VSCodeUITests.swift */; };
/* End PBXBuildFile section */

/* Begin PBXContainerItemProxy section */
		BA9851702474DBEA00240EE2 /* PBXContainerItemProxy */ = {
			isa = PBXContainerItemProxy;
			containerPortal = BA9851552474DBE800240EE2 /* Project object */;
			proxyType = 1;
			remoteGlobalIDString = BA98515C2474DBE800240EE2;
			remoteInfo = VSCode;
		};
		BA98517B2474DBEA00240EE2 /* PBXContainerItemProxy */ = {
			isa = PBXContainerItemProxy;
			containerPortal = BA9851552474DBE800240EE2 /* Project object */;
			proxyType = 1;
			remoteGlobalIDString = BA98515C2474DBE800240EE2;
			remoteInfo = VSCode;
		};
/* End PBXContainerItemProxy section */

/* Begin PBXFileReference section */
		BA98515D2474DBE800240EE2 /* VSCode.app */ = {isa = PBXFileReference; explicitFileType = wrapper.application; includeInIndex = 0; path = VSCode.app; sourceTree = BUILT_PRODUCTS_DIR; };
		BA9851602474DBE800240EE2 /* AppDelegate.swift */ = {isa = PBXFileReference; lastKnownFileType = sourcecode.swift; path = AppDelegate.swift; sourceTree = "<group>"; };
		BA9851622474DBE800240EE2 /* ViewController.swift */ = {isa = PBXFileReference; lastKnownFileType = sourcecode.swift; path = ViewController.swift; sourceTree = "<group>"; };
		BA9851642474DBEA00240EE2 /* Assets.xcassets */ = {isa = PBXFileReference; lastKnownFileType = folder.assetcatalog; path = Assets.xcassets; sourceTree = "<group>"; };
		BA9851672474DBEA00240EE2 /* Base */ = {isa = PBXFileReference; lastKnownFileType = file.storyboard; name = Base; path = Base.lproj/Main.storyboard; sourceTree = "<group>"; };
		BA9851692474DBEA00240EE2 /* Info.plist */ = {isa = PBXFileReference; lastKnownFileType = text.plist.xml; path = Info.plist; sourceTree = "<group>"; };
		BA98516A2474DBEA00240EE2 /* VSCode.entitlements */ = {isa = PBXFileReference; lastKnownFileType = text.plist.entitlements; path = VSCode.entitlements; sourceTree = "<group>"; };
		BA98516F2474DBEA00240EE2 /* VSCodeTests.xctest */ = {isa = PBXFileReference; explicitFileType = wrapper.cfbundle; includeInIndex = 0; path = VSCodeTests.xctest; sourceTree = BUILT_PRODUCTS_DIR; };
		BA9851732474DBEA00240EE2 /* VSCodeTests.swift */ = {isa = PBXFileReference; lastKnownFileType = sourcecode.swift; path = VSCodeTests.swift; sourceTree = "<group>"; };
		BA9851752474DBEA00240EE2 /* Info.plist */ = {isa = PBXFileReference; lastKnownFileType = text.plist.xml; path = Info.plist; sourceTree = "<group>"; };
		BA98517A2474DBEA00240EE2 /* VSCodeUITests.xctest */ = {isa = PBXFileReference; explicitFileType = wrapper.cfbundle; includeInIndex = 0; path = VSCodeUITests.xctest; sourceTree = BUILT_PRODUCTS_DIR; };
		BA98517E2474DBEA00240EE2 /* VSCodeUITests.swift */ = {isa = PBXFileReference; lastKnownFileType = sourcecode.swift; path = VSCodeUITests.swift; sourceTree = "<group>"; };
		BA9851802474DBEA00240EE2 /* Info.plist */ = {isa = PBXFileReference; lastKnownFileType = text.plist.xml; path = Info.plist; sourceTree = "<group>"; };
/* End PBXFileReference section */

/* Begin PBXFrameworksBuildPhase section */
		BA98515A2474DBE800240EE2 /* Frameworks */ = {
			isa = PBXFrameworksBuildPhase;
			buildActionMask = 2147483647;
			files = (
			);
			runOnlyForDeploymentPostprocessing = 0;
		};
		BA98516C2474DBEA00240EE2 /* Frameworks */ = {
			isa = PBXFrameworksBuildPhase;
			buildActionMask = 2147483647;
			files = (
			);
			runOnlyForDeploymentPostprocessing = 0;
		};
		BA9851772474DBEA00240EE2 /* Frameworks */ = {
			isa = PBXFrameworksBuildPhase;
			buildActionMask = 2147483647;
			files = (
			);
			runOnlyForDeploymentPostprocessing = 0;
		};
/* End PBXFrameworksBuildPhase section */

/* Begin PBXGroup section */
		BA9851542474DBE800240EE2 = {
			isa = PBXGroup;
			children = (
				BA98515F2474DBE800240EE2 /* VSCode */,
				BA9851722474DBEA00240EE2 /* VSCodeTests */,
				BA98517D2474DBEA00240EE2 /* VSCodeUITests */,
				BA98515E2474DBE800240EE2 /* Products */,
			);
			sourceTree = "<group>";
		};
		BA98515E2474DBE800240EE2 /* Products */ = {
			isa = PBXGroup;
			children = (
				BA98515D2474DBE800240EE2 /* VSCode.app */,
				BA98516F2474DBEA00240EE2 /* VSCodeTests.xctest */,
				BA98517A2474DBEA00240EE2 /* VSCodeUITests.xctest */,
			);
			name = Products;
			sourceTree = "<group>";
		};
		BA98515F2474DBE800240EE2 /* VSCode */ = {
			isa = PBXGroup;
			children = (
				BA9851602474DBE800240EE2 /* AppDelegate.swift */,
				BA9851622474DBE800240EE2 /* ViewController.swift */,
				BA9851642474DBEA00240EE2 /* Assets.xcassets */,
				BA9851662474DBEA00240EE2 /* Main.storyboard */,
				BA9851692474DBEA00240EE2 /* Info.plist */,
				BA98516A2474DBEA00240EE2 /* VSCode.entitlements */,
			);
			path = VSCode;
			sourceTree = "<group>";
		};
		BA9851722474DBEA00240EE2 /* VSCodeTests */ = {
			isa = PBXGroup;
			children = (
				BA9851732474DBEA00240EE2 /* VSCodeTests.swift */,
				BA9851752474DBEA00240EE2 /* Info.plist */,
			);
			path = VSCodeTests;
			sourceTree = "<group>";
		};
		BA98517D2474DBEA00240EE2 /* VSCodeUITests */ = {
			isa = PBXGroup;
			children = (
				BA98517E2474DBEA00240EE2 /* VSCodeUITests.swift */,
				BA9851802474DBEA00240EE2 /* Info.plist */,
			);
			path = VSCodeUITests;
			sourceTree = "<group>";
		};
/* End PBXGroup section */

/* Begin PBXNativeTarget section */
		BA98515C2474DBE800240EE2 /* VSCode */ = {
			isa = PBXNativeTarget;
			buildConfigurationList = BA9851832474DBEA00240EE2 /* Build configuration list for PBXNativeTarget "VSCode" */;
			buildPhases = (
				BA9851592474DBE800240EE2 /* Sources */,
				BA98515A2474DBE800240EE2 /* Frameworks */,
				BA98515B2474DBE800240EE2 /* Resources */,
			);
			buildRules = (
			);
			dependencies = (
			);
			name = VSCode;
			productName = VSCode;
			productReference = BA98515D2474DBE800240EE2 /* VSCode.app */;
			productType = "com.apple.product-type.application";
		};
		BA98516E2474DBEA00240EE2 /* VSCodeTests */ = {
			isa = PBXNativeTarget;
			buildConfigurationList = BA9851862474DBEA00240EE2 /* Build configuration list for PBXNativeTarget "VSCodeTests" */;
			buildPhases = (
				BA98516B2474DBEA00240EE2 /* Sources */,
				BA98516C2474DBEA00240EE2 /* Frameworks */,
				BA98516D2474DBEA00240EE2 /* Resources */,
			);
			buildRules = (
			);
			dependencies = (
				BA9851712474DBEA00240EE2 /* PBXTargetDependency */,
			);
			name = VSCodeTests;
			productName = VSCodeTests;
			productReference = BA98516F2474DBEA00240EE2 /* VSCodeTests.xctest */;
			productType = "com.apple.product-type.bundle.unit-test";
		};
		BA9851792474DBEA00240EE2 /* VSCodeUITests */ = {
			isa = PBXNativeTarget;
			buildConfigurationList = BA9851892474DBEA00240EE2 /* Build configuration list for PBXNativeTarget "VSCodeUITests" */;
			buildPhases = (
				BA9851762474DBEA00240EE2 /* Sources */,
				BA9851772474DBEA00240EE2 /* Frameworks */,
				BA9851782474DBEA00240EE2 /* Resources */,
			);
			buildRules = (
			);
			dependencies = (
				BA98517C2474DBEA00240EE2 /* PBXTargetDependency */,
			);
			name = VSCodeUITests;
			productName = VSCodeUITests;
			productReference = BA98517A2474DBEA00240EE2 /* VSCodeUITests.xctest */;
			productType = "com.apple.product-type.bundle.ui-testing";
		};
/* End PBXNativeTarget section */

/* Begin PBXProject section */
		BA9851552474DBE800240EE2 /* Project object */ = {
			isa = PBXProject;
			attributes = {
				LastSwiftUpdateCheck = 1140;
				LastUpgradeCheck = 1140;
				ORGANIZATIONNAME = "HyeongIl Park";
				TargetAttributes = {
					BA98515C2474DBE800240EE2 = {
						CreatedOnToolsVersion = 11.4.1;
					};
					BA98516E2474DBEA00240EE2 = {
						CreatedOnToolsVersion = 11.4.1;
						TestTargetID = BA98515C2474DBE800240EE2;
					};
					BA9851792474DBEA00240EE2 = {
						CreatedOnToolsVersion = 11.4.1;
						TestTargetID = BA98515C2474DBE800240EE2;
					};
				};
			};
			buildConfigurationList = BA9851582474DBE800240EE2 /* Build configuration list for PBXProject "VSCode" */;
			compatibilityVersion = "Xcode 9.3";
			developmentRegion = en;
			hasScannedForEncodings = 0;
			knownRegions = (
				en,
				Base,
			);
			mainGroup = BA9851542474DBE800240EE2;
			productRefGroup = BA98515E2474DBE800240EE2 /* Products */;
			projectDirPath = "";
			projectRoot = "";
			targets = (
				BA98515C2474DBE800240EE2 /* VSCode */,
				BA98516E2474DBEA00240EE2 /* VSCodeTests */,
				BA9851792474DBEA00240EE2 /* VSCodeUITests */,
			);
		};
/* End PBXProject section */

/* Begin PBXResourcesBuildPhase section */
		BA98515B2474DBE800240EE2 /* Resources */ = {
			isa = PBXResourcesBuildPhase;
			buildActionMask = 2147483647;
			files = (
				BA9851652474DBEA00240EE2 /* Assets.xcassets in Resources */,
				BA9851682474DBEA00240EE2 /* Main.storyboard in Resources */,
			);
			runOnlyForDeploymentPostprocessing = 0;
		};
		BA98516D2474DBEA00240EE2 /* Resources */ = {
			isa = PBXResourcesBuildPhase;
			buildActionMask = 2147483647;
			files = (
			);
			runOnlyForDeploymentPostprocessing = 0;
		};
		BA9851782474DBEA00240EE2 /* Resources */ = {
			isa = PBXResourcesBuildPhase;
			buildActionMask = 2147483647;
			files = (
			);
			runOnlyForDeploymentPostprocessing = 0;
		};
/* End PBXResourcesBuildPhase section */

/* Begin PBXSourcesBuildPhase section */
		BA9851592474DBE800240EE2 /* Sources */ = {
			isa = PBXSourcesBuildPhase;
			buildActionMask = 2147483647;
			files = (
				BA9851632474DBE800240EE2 /* ViewController.swift in Sources */,
				BA9851612474DBE800240EE2 /* AppDelegate.swift in Sources */,
			);
			runOnlyForDeploymentPostprocessing = 0;
		};
		BA98516B2474DBEA00240EE2 /* Sources */ = {
			isa = PBXSourcesBuildPhase;
			buildActionMask = 2147483647;
			files = (
				BA9851742474DBEA00240EE2 /* VSCodeTests.swift in Sources */,
			);
			runOnlyForDeploymentPostprocessing = 0;
		};
		BA9851762474DBEA00240EE2 /* Sources */ = {
			isa = PBXSourcesBuildPhase;
			buildActionMask = 2147483647;
			files = (
				BA98517F2474DBEA00240EE2 /* VSCodeUITests.swift in Sources */,
			);
			runOnlyForDeploymentPostprocessing = 0;
		};
/* End PBXSourcesBuildPhase section */

/* Begin PBXTargetDependency section */
		BA9851712474DBEA00240EE2 /* PBXTargetDependency */ = {
			isa = PBXTargetDependency;
			target = BA98515C2474DBE800240EE2 /* VSCode */;
			targetProxy = BA9851702474DBEA00240EE2 /* PBXContainerItemProxy */;
		};
		BA98517C2474DBEA00240EE2 /* PBXTargetDependency */ = {
			isa = PBXTargetDependency;
			target = BA98515C2474DBE800240EE2 /* VSCode */;
			targetProxy = BA98517B2474DBEA00240EE2 /* PBXContainerItemProxy */;
		};
/* End PBXTargetDependency section */

/* Begin PBXVariantGroup section */
		BA9851662474DBEA00240EE2 /* Main.storyboard */ = {
			isa = PBXVariantGroup;
			children = (
				BA9851672474DBEA00240EE2 /* Base */,
			);
			name = Main.storyboard;
			sourceTree = "<group>";
		};
/* End PBXVariantGroup section */

/* Begin XCBuildConfiguration section */
		BA9851812474DBEA00240EE2 /* Debug */ = {
			isa = XCBuildConfiguration;
			buildSettings = {
				ALWAYS_SEARCH_USER_PATHS = NO;
				CLANG_ANALYZER_NONNULL = YES;
				CLANG_ANALYZER_NUMBER_OBJECT_CONVERSION = YES_AGGRESSIVE;
				CLANG_CXX_LANGUAGE_STANDARD = "gnu++14";
				CLANG_CXX_LIBRARY = "libc++";
				CLANG_ENABLE_MODULES = YES;
				CLANG_ENABLE_OBJC_ARC = YES;
				CLANG_ENABLE_OBJC_WEAK = YES;
				CLANG_WARN_BLOCK_CAPTURE_AUTORELEASING = YES;
				CLANG_WARN_BOOL_CONVERSION = YES;
				CLANG_WARN_COMMA = YES;
				CLANG_WARN_CONSTANT_CONVERSION = YES;
				CLANG_WARN_DEPRECATED_OBJC_IMPLEMENTATIONS = YES;
				CLANG_WARN_DIRECT_OBJC_ISA_USAGE = YES_ERROR;
				CLANG_WARN_DOCUMENTATION_COMMENTS = YES;
				CLANG_WARN_EMPTY_BODY = YES;
				CLANG_WARN_ENUM_CONVERSION = YES;
				CLANG_WARN_INFINITE_RECURSION = YES;
				CLANG_WARN_INT_CONVERSION = YES;
				CLANG_WARN_NON_LITERAL_NULL_CONVERSION = YES;
				CLANG_WARN_OBJC_IMPLICIT_RETAIN_SELF = YES;
				CLANG_WARN_OBJC_LITERAL_CONVERSION = YES;
				CLANG_WARN_OBJC_ROOT_CLASS = YES_ERROR;
				CLANG_WARN_RANGE_LOOP_ANALYSIS = YES;
				CLANG_WARN_STRICT_PROTOTYPES = YES;
				CLANG_WARN_SUSPICIOUS_MOVE = YES;
				CLANG_WARN_UNGUARDED_AVAILABILITY = YES_AGGRESSIVE;
				CLANG_WARN_UNREACHABLE_CODE = YES;
				CLANG_WARN__DUPLICATE_METHOD_MATCH = YES;
				COPY_PHASE_STRIP = NO;
				DEBUG_INFORMATION_FORMAT = dwarf;
				ENABLE_STRICT_OBJC_MSGSEND = YES;
				ENABLE_TESTABILITY = YES;
				GCC_C_LANGUAGE_STANDARD = gnu11;
				GCC_DYNAMIC_NO_PIC = NO;
				GCC_NO_COMMON_BLOCKS = YES;
				GCC_OPTIMIZATION_LEVEL = 0;
				GCC_PREPROCESSOR_DEFINITIONS = (
					"DEBUG=1",
					"$(inherited)",
				);
				GCC_WARN_64_TO_32_BIT_CONVERSION = YES;
				GCC_WARN_ABOUT_RETURN_TYPE = YES_ERROR;
				GCC_WARN_UNDECLARED_SELECTOR = YES;
				GCC_WARN_UNINITIALIZED_AUTOS = YES_AGGRESSIVE;
				GCC_WARN_UNUSED_FUNCTION = YES;
				GCC_WARN_UNUSED_VARIABLE = YES;
				MACOSX_DEPLOYMENT_TARGET = 10.15;
				MTL_ENABLE_DEBUG_INFO = INCLUDE_SOURCE;
				MTL_FAST_MATH = YES;
				ONLY_ACTIVE_ARCH = YES;
				SDKROOT = macosx;
				SWIFT_ACTIVE_COMPILATION_CONDITIONS = DEBUG;
				SWIFT_OPTIMIZATION_LEVEL = "-Onone";
			};
			name = Debug;
		};
		BA9851822474DBEA00240EE2 /* Release */ = {
			isa = XCBuildConfiguration;
			buildSettings = {
				ALWAYS_SEARCH_USER_PATHS = NO;
				CLANG_ANALYZER_NONNULL = YES;
				CLANG_ANALYZER_NUMBER_OBJECT_CONVERSION = YES_AGGRESSIVE;
				CLANG_CXX_LANGUAGE_STANDARD = "gnu++14";
				CLANG_CXX_LIBRARY = "libc++";
				CLANG_ENABLE_MODULES = YES;
				CLANG_ENABLE_OBJC_ARC = YES;
				CLANG_ENABLE_OBJC_WEAK = YES;
				CLANG_WARN_BLOCK_CAPTURE_AUTORELEASING = YES;
				CLANG_WARN_BOOL_CONVERSION = YES;
				CLANG_WARN_COMMA = YES;
				CLANG_WARN_CONSTANT_CONVERSION = YES;
				CLANG_WARN_DEPRECATED_OBJC_IMPLEMENTATIONS = YES;
				CLANG_WARN_DIRECT_OBJC_ISA_USAGE = YES_ERROR;
				CLANG_WARN_DOCUMENTATION_COMMENTS = YES;
				CLANG_WARN_EMPTY_BODY = YES;
				CLANG_WARN_ENUM_CONVERSION = YES;
				CLANG_WARN_INFINITE_RECURSION = YES;
				CLANG_WARN_INT_CONVERSION = YES;
				CLANG_WARN_NON_LITERAL_NULL_CONVERSION = YES;
				CLANG_WARN_OBJC_IMPLICIT_RETAIN_SELF = YES;
				CLANG_WARN_OBJC_LITERAL_CONVERSION = YES;
				CLANG_WARN_OBJC_ROOT_CLASS = YES_ERROR;
				CLANG_WARN_RANGE_LOOP_ANALYSIS = YES;
				CLANG_WARN_STRICT_PROTOTYPES = YES;
				CLANG_WARN_SUSPICIOUS_MOVE = YES;
				CLANG_WARN_UNGUARDED_AVAILABILITY = YES_AGGRESSIVE;
				CLANG_WARN_UNREACHABLE_CODE = YES;
				CLANG_WARN__DUPLICATE_METHOD_MATCH = YES;
				COPY_PHASE_STRIP = NO;
				DEBUG_INFORMATION_FORMAT = "dwarf-with-dsym";
				ENABLE_NS_ASSERTIONS = NO;
				ENABLE_STRICT_OBJC_MSGSEND = YES;
				GCC_C_LANGUAGE_STANDARD = gnu11;
				GCC_NO_COMMON_BLOCKS = YES;
				GCC_WARN_64_TO_32_BIT_CONVERSION = YES;
				GCC_WARN_ABOUT_RETURN_TYPE = YES_ERROR;
				GCC_WARN_UNDECLARED_SELECTOR = YES;
				GCC_WARN_UNINITIALIZED_AUTOS = YES_AGGRESSIVE;
				GCC_WARN_UNUSED_FUNCTION = YES;
				GCC_WARN_UNUSED_VARIABLE = YES;
				MACOSX_DEPLOYMENT_TARGET = 10.15;
				MTL_ENABLE_DEBUG_INFO = NO;
				MTL_FAST_MATH = YES;
				SDKROOT = macosx;
				SWIFT_COMPILATION_MODE = wholemodule;
				SWIFT_OPTIMIZATION_LEVEL = "-O";
			};
			name = Release;
		};
		BA9851842474DBEA00240EE2 /* Debug */ = {
			isa = XCBuildConfiguration;
			buildSettings = {
				ASSETCATALOG_COMPILER_APPICON_NAME = AppIcon;
				CODE_SIGN_ENTITLEMENTS = VSCode/VSCode.entitlements;
				CODE_SIGN_STYLE = Automatic;
				COMBINE_HIDPI_IMAGES = YES;
				INFOPLIST_FILE = VSCode/Info.plist;
				LD_RUNPATH_SEARCH_PATHS = (
					"$(inherited)",
					"@executable_path/../Frameworks",
				);
				PRODUCT_BUNDLE_IDENTIFIER = com.microsoft.VSCode;
				PRODUCT_NAME = "$(TARGET_NAME)";
				SWIFT_VERSION = 5.0;
			};
			name = Debug;
		};
		BA9851852474DBEA00240EE2 /* Release */ = {
			isa = XCBuildConfiguration;
			buildSettings = {
				ASSETCATALOG_COMPILER_APPICON_NAME = AppIcon;
				CODE_SIGN_ENTITLEMENTS = VSCode/VSCode.entitlements;
				CODE_SIGN_STYLE = Automatic;
				COMBINE_HIDPI_IMAGES = YES;
				INFOPLIST_FILE = VSCode/Info.plist;
				LD_RUNPATH_SEARCH_PATHS = (
					"$(inherited)",
					"@executable_path/../Frameworks",
				);
				PRODUCT_BUNDLE_IDENTIFIER = com.microsoft.VSCode;
				PRODUCT_NAME = "$(TARGET_NAME)";
				SWIFT_VERSION = 5.0;
			};
			name = Release;
		};
		BA9851872474DBEA00240EE2 /* Debug */ = {
			isa = XCBuildConfiguration;
			buildSettings = {
				ALWAYS_EMBED_SWIFT_STANDARD_LIBRARIES = YES;
				BUNDLE_LOADER = "$(TEST_HOST)";
				CODE_SIGN_STYLE = Automatic;
				COMBINE_HIDPI_IMAGES = YES;
				INFOPLIST_FILE = VSCodeTests/Info.plist;
				LD_RUNPATH_SEARCH_PATHS = (
					"$(inherited)",
					"@executable_path/../Frameworks",
					"@loader_path/../Frameworks",
				);
				MACOSX_DEPLOYMENT_TARGET = 10.15;
				PRODUCT_BUNDLE_IDENTIFIER = com.microsoft.VSCodeTests;
				PRODUCT_NAME = "$(TARGET_NAME)";
				SWIFT_VERSION = 5.0;
				TEST_HOST = "$(BUILT_PRODUCTS_DIR)/VSCode.app/Contents/MacOS/VSCode";
			};
			name = Debug;
		};
		BA9851882474DBEA00240EE2 /* Release */ = {
			isa = XCBuildConfiguration;
			buildSettings = {
				ALWAYS_EMBED_SWIFT_STANDARD_LIBRARIES = YES;
				BUNDLE_LOADER = "$(TEST_HOST)";
				CODE_SIGN_STYLE = Automatic;
				COMBINE_HIDPI_IMAGES = YES;
				INFOPLIST_FILE = VSCodeTests/Info.plist;
				LD_RUNPATH_SEARCH_PATHS = (
					"$(inherited)",
					"@executable_path/../Frameworks",
					"@loader_path/../Frameworks",
				);
				MACOSX_DEPLOYMENT_TARGET = 10.15;
				PRODUCT_BUNDLE_IDENTIFIER = com.microsoft.VSCodeTests;
				PRODUCT_NAME = "$(TARGET_NAME)";
				SWIFT_VERSION = 5.0;
				TEST_HOST = "$(BUILT_PRODUCTS_DIR)/VSCode.app/Contents/MacOS/VSCode";
			};
			name = Release;
		};
		BA98518A2474DBEA00240EE2 /* Debug */ = {
			isa = XCBuildConfiguration;
			buildSettings = {
				ALWAYS_EMBED_SWIFT_STANDARD_LIBRARIES = YES;
				CODE_SIGN_STYLE = Automatic;
				COMBINE_HIDPI_IMAGES = YES;
				INFOPLIST_FILE = VSCodeUITests/Info.plist;
				LD_RUNPATH_SEARCH_PATHS = (
					"$(inherited)",
					"@executable_path/../Frameworks",
					"@loader_path/../Frameworks",
				);
				PRODUCT_BUNDLE_IDENTIFIER = com.microsoft.VSCodeUITests;
				PRODUCT_NAME = "$(TARGET_NAME)";
				SWIFT_VERSION = 5.0;
				TEST_TARGET_NAME = VSCode;
			};
			name = Debug;
		};
		BA98518B2474DBEA00240EE2 /* Release */ = {
			isa = XCBuildConfiguration;
			buildSettings = {
				ALWAYS_EMBED_SWIFT_STANDARD_LIBRARIES = YES;
				CODE_SIGN_STYLE = Automatic;
				COMBINE_HIDPI_IMAGES = YES;
				INFOPLIST_FILE = VSCodeUITests/Info.plist;
				LD_RUNPATH_SEARCH_PATHS = (
					"$(inherited)",
					"@executable_path/../Frameworks",
					"@loader_path/../Frameworks",
				);
				PRODUCT_BUNDLE_IDENTIFIER = com.microsoft.VSCodeUITests;
				PRODUCT_NAME = "$(TARGET_NAME)";
				SWIFT_VERSION = 5.0;
				TEST_TARGET_NAME = VSCode;
			};
			name = Release;
		};
/* End XCBuildConfiguration section */

/* Begin XCConfigurationList section */
		BA9851582474DBE800240EE2 /* Build configuration list for PBXProject "VSCode" */ = {
			isa = XCConfigurationList;
			buildConfigurations = (
				BA9851812474DBEA00240EE2 /* Debug */,
				BA9851822474DBEA00240EE2 /* Release */,
			);
			defaultConfigurationIsVisible = 0;
			defaultConfigurationName = Release;
		};
		BA9851832474DBEA00240EE2 /* Build configuration list for PBXNativeTarget "VSCode" */ = {
			isa = XCConfigurationList;
			buildConfigurations = (
				BA9851842474DBEA00240EE2 /* Debug */,
				BA9851852474DBEA00240EE2 /* Release */,
			);
			defaultConfigurationIsVisible = 0;
			defaultConfigurationName = Release;
		};
		BA9851862474DBEA00240EE2 /* Build configuration list for PBXNativeTarget "VSCodeTests" */ = {
			isa = XCConfigurationList;
			buildConfigurations = (
				BA9851872474DBEA00240EE2 /* Debug */,
				BA9851882474DBEA00240EE2 /* Release */,
			);
			defaultConfigurationIsVisible = 0;
			defaultConfigurationName = Release;
		};
		BA9851892474DBEA00240EE2 /* Build configuration list for PBXNativeTarget "VSCodeUITests" */ = {
			isa = XCConfigurationList;
			buildConfigurations = (
				BA98518A2474DBEA00240EE2 /* Debug */,
				BA98518B2474DBEA00240EE2 /* Release */,
			);
			defaultConfigurationIsVisible = 0;
			defaultConfigurationName = Release;
		};
/* End XCConfigurationList section */
	};
	rootObject = BA9851552474DBE800240EE2 /* Project object */;
}
